// !$*UTF8*$!
{
	archiveVersion = 1;
	classes = {
	};
	objectVersion = 46;
	objects = {

/* Begin PBXBuildFile section */
		50DD25971C8420E400A3AAE2 /* AppDelegate.swift in Sources */ = {isa = PBXBuildFile; fileRef = 50DD25961C8420E400A3AAE2 /* AppDelegate.swift */; };
		50DD259C1C8420E400A3AAE2 /* Main.storyboard in Resources */ = {isa = PBXBuildFile; fileRef = 50DD259A1C8420E400A3AAE2 /* Main.storyboard */; };
		50DD259E1C8420E400A3AAE2 /* Images.xcassets in Resources */ = {isa = PBXBuildFile; fileRef = 50DD259D1C8420E400A3AAE2 /* Images.xcassets */; };
		50DD25A11C8420E400A3AAE2 /* LaunchScreen.xib in Resources */ = {isa = PBXBuildFile; fileRef = 50DD259F1C8420E400A3AAE2 /* LaunchScreen.xib */; };
		50DD25AD1C8420E500A3AAE2 /* PhotoramaTests.swift in Sources */ = {isa = PBXBuildFile; fileRef = 50DD25AC1C8420E500A3AAE2 /* PhotoramaTests.swift */; };
		50DD25B91C8423DC00A3AAE2 /* PhotosViewController.swift in Sources */ = {isa = PBXBuildFile; fileRef = 50DD25B81C8423DC00A3AAE2 /* PhotosViewController.swift */; };
		50DD25BB1C8428CF00A3AAE2 /* FlickrAPI.swift in Sources */ = {isa = PBXBuildFile; fileRef = 50DD25BA1C8428CF00A3AAE2 /* FlickrAPI.swift */; };
		50DD25BD1C842F2B00A3AAE2 /* PhotoStore.swift in Sources */ = {isa = PBXBuildFile; fileRef = 50DD25BC1C842F2B00A3AAE2 /* PhotoStore.swift */; };
		50DD25BF1C84330900A3AAE2 /* Photo.swift in Sources */ = {isa = PBXBuildFile; fileRef = 50DD25BE1C84330900A3AAE2 /* Photo.swift */; };
/* End PBXBuildFile section */

/* Begin PBXContainerItemProxy section */
		50DD25A71C8420E500A3AAE2 /* PBXContainerItemProxy */ = {
			isa = PBXContainerItemProxy;
			containerPortal = 50DD25891C8420E400A3AAE2 /* Project object */;
			proxyType = 1;
			remoteGlobalIDString = 50DD25901C8420E400A3AAE2;
			remoteInfo = Photorama;
		};
/* End PBXContainerItemProxy section */

/* Begin PBXFileReference section */
		50DD25911C8420E400A3AAE2 /* Photorama.app */ = {isa = PBXFileReference; explicitFileType = wrapper.application; includeInIndex = 0; path = Photorama.app; sourceTree = BUILT_PRODUCTS_DIR; };
		50DD25951C8420E400A3AAE2 /* Info.plist */ = {isa = PBXFileReference; lastKnownFileType = text.plist.xml; path = Info.plist; sourceTree = "<group>"; };
		50DD25961C8420E400A3AAE2 /* AppDelegate.swift */ = {isa = PBXFileReference; lastKnownFileType = sourcecode.swift; path = AppDelegate.swift; sourceTree = "<group>"; };
		50DD259B1C8420E400A3AAE2 /* Base */ = {isa = PBXFileReference; lastKnownFileType = file.storyboard; name = Base; path = Base.lproj/Main.storyboard; sourceTree = "<group>"; };
		50DD259D1C8420E400A3AAE2 /* Images.xcassets */ = {isa = PBXFileReference; lastKnownFileType = folder.assetcatalog; path = Images.xcassets; sourceTree = "<group>"; };
		50DD25A01C8420E400A3AAE2 /* Base */ = {isa = PBXFileReference; lastKnownFileType = file.xib; name = Base; path = Base.lproj/LaunchScreen.xib; sourceTree = "<group>"; };
		50DD25A61C8420E500A3AAE2 /* PhotoramaTests.xctest */ = {isa = PBXFileReference; explicitFileType = wrapper.cfbundle; includeInIndex = 0; path = PhotoramaTests.xctest; sourceTree = BUILT_PRODUCTS_DIR; };
		50DD25AB1C8420E500A3AAE2 /* Info.plist */ = {isa = PBXFileReference; lastKnownFileType = text.plist.xml; path = Info.plist; sourceTree = "<group>"; };
		50DD25AC1C8420E500A3AAE2 /* PhotoramaTests.swift */ = {isa = PBXFileReference; lastKnownFileType = sourcecode.swift; path = PhotoramaTests.swift; sourceTree = "<group>"; };
		50DD25B81C8423DC00A3AAE2 /* PhotosViewController.swift */ = {isa = PBXFileReference; fileEncoding = 4; lastKnownFileType = sourcecode.swift; path = PhotosViewController.swift; sourceTree = "<group>"; };
		50DD25BA1C8428CF00A3AAE2 /* FlickrAPI.swift */ = {isa = PBXFileReference; fileEncoding = 4; lastKnownFileType = sourcecode.swift; path = FlickrAPI.swift; sourceTree = "<group>"; };
		50DD25BC1C842F2B00A3AAE2 /* PhotoStore.swift */ = {isa = PBXFileReference; fileEncoding = 4; lastKnownFileType = sourcecode.swift; path = PhotoStore.swift; sourceTree = "<group>"; };
		50DD25BE1C84330900A3AAE2 /* Photo.swift */ = {isa = PBXFileReference; fileEncoding = 4; lastKnownFileType = sourcecode.swift; path = Photo.swift; sourceTree = "<group>"; };
/* End PBXFileReference section */

/* Begin PBXFrameworksBuildPhase section */
		50DD258E1C8420E400A3AAE2 /* Frameworks */ = {
			isa = PBXFrameworksBuildPhase;
			buildActionMask = 2147483647;
			files = (
			);
			runOnlyForDeploymentPostprocessing = 0;
		};
		50DD25A31C8420E500A3AAE2 /* Frameworks */ = {
			isa = PBXFrameworksBuildPhase;
			buildActionMask = 2147483647;
			files = (
			);
			runOnlyForDeploymentPostprocessing = 0;
		};
/* End PBXFrameworksBuildPhase section */

/* Begin PBXGroup section */
		50DD25881C8420E400A3AAE2 = {
			isa = PBXGroup;
			children = (
				50DD25931C8420E400A3AAE2 /* Photorama */,
				50DD25A91C8420E500A3AAE2 /* PhotoramaTests */,
				50DD25921C8420E400A3AAE2 /* Products */,
			);
			sourceTree = "<group>";
		};
		50DD25921C8420E400A3AAE2 /* Products */ = {
			isa = PBXGroup;
			children = (
				50DD25911C8420E400A3AAE2 /* Photorama.app */,
				50DD25A61C8420E500A3AAE2 /* PhotoramaTests.xctest */,
			);
			name = Products;
			sourceTree = "<group>";
		};
		50DD25931C8420E400A3AAE2 /* Photorama */ = {
			isa = PBXGroup;
			children = (
				50DD25961C8420E400A3AAE2 /* AppDelegate.swift */,
				50DD25B81C8423DC00A3AAE2 /* PhotosViewController.swift */,
				50DD25BA1C8428CF00A3AAE2 /* FlickrAPI.swift */,
				50DD25BC1C842F2B00A3AAE2 /* PhotoStore.swift */,
				50DD25BE1C84330900A3AAE2 /* Photo.swift */,
				50DD259A1C8420E400A3AAE2 /* Main.storyboard */,
				50DD259D1C8420E400A3AAE2 /* Images.xcassets */,
				50DD259F1C8420E400A3AAE2 /* LaunchScreen.xib */,
				50DD25941C8420E400A3AAE2 /* Supporting Files */,
			);
			path = Photorama;
			sourceTree = "<group>";
		};
		50DD25941C8420E400A3AAE2 /* Supporting Files */ = {
			isa = PBXGroup;
			children = (
				50DD25951C8420E400A3AAE2 /* Info.plist */,
			);
			name = "Supporting Files";
			sourceTree = "<group>";
		};
		50DD25A91C8420E500A3AAE2 /* PhotoramaTests */ = {
			isa = PBXGroup;
			children = (
				50DD25AC1C8420E500A3AAE2 /* PhotoramaTests.swift */,
				50DD25AA1C8420E500A3AAE2 /* Supporting Files */,
			);
			path = PhotoramaTests;
			sourceTree = "<group>";
		};
		50DD25AA1C8420E500A3AAE2 /* Supporting Files */ = {
			isa = PBXGroup;
			children = (
				50DD25AB1C8420E500A3AAE2 /* Info.plist */,
			);
			name = "Supporting Files";
			sourceTree = "<group>";
		};
/* End PBXGroup section */

/* Begin PBXNativeTarget section */
		50DD25901C8420E400A3AAE2 /* Photorama */ = {
			isa = PBXNativeTarget;
			buildConfigurationList = 50DD25B01C8420E500A3AAE2 /* Build configuration list for PBXNativeTarget "Photorama" */;
			buildPhases = (
				50DD258D1C8420E400A3AAE2 /* Sources */,
				50DD258E1C8420E400A3AAE2 /* Frameworks */,
				50DD258F1C8420E400A3AAE2 /* Resources */,
			);
			buildRules = (
			);
			dependencies = (
			);
			name = Photorama;
			productName = Photorama;
			productReference = 50DD25911C8420E400A3AAE2 /* Photorama.app */;
			productType = "com.apple.product-type.application";
		};
		50DD25A51C8420E500A3AAE2 /* PhotoramaTests */ = {
			isa = PBXNativeTarget;
			buildConfigurationList = 50DD25B31C8420E500A3AAE2 /* Build configuration list for PBXNativeTarget "PhotoramaTests" */;
			buildPhases = (
				50DD25A21C8420E500A3AAE2 /* Sources */,
				50DD25A31C8420E500A3AAE2 /* Frameworks */,
				50DD25A41C8420E500A3AAE2 /* Resources */,
			);
			buildRules = (
			);
			dependencies = (
				50DD25A81C8420E500A3AAE2 /* PBXTargetDependency */,
			);
			name = PhotoramaTests;
			productName = PhotoramaTests;
			productReference = 50DD25A61C8420E500A3AAE2 /* PhotoramaTests.xctest */;
			productType = "com.apple.product-type.bundle.unit-test";
		};
/* End PBXNativeTarget section */

/* Begin PBXProject section */
		50DD25891C8420E400A3AAE2 /* Project object */ = {
			isa = PBXProject;
			attributes = {
				LastUpgradeCheck = 0610;
				ORGANIZATIONNAME = Enclave;
				TargetAttributes = {
					50DD25901C8420E400A3AAE2 = {
						CreatedOnToolsVersion = 6.1;
					};
					50DD25A51C8420E500A3AAE2 = {
						CreatedOnToolsVersion = 6.1;
						TestTargetID = 50DD25901C8420E400A3AAE2;
					};
				};
			};
			buildConfigurationList = 50DD258C1C8420E400A3AAE2 /* Build configuration list for PBXProject "Photorama" */;
			compatibilityVersion = "Xcode 3.2";
			developmentRegion = English;
			hasScannedForEncodings = 0;
			knownRegions = (
				en,
				Base,
			);
			mainGroup = 50DD25881C8420E400A3AAE2;
			productRefGroup = 50DD25921C8420E400A3AAE2 /* Products */;
			projectDirPath = "";
			projectRoot = "";
			targets = (
				50DD25901C8420E400A3AAE2 /* Photorama */,
				50DD25A51C8420E500A3AAE2 /* PhotoramaTests */,
			);
		};
/* End PBXProject section */

/* Begin PBXResourcesBuildPhase section */
		50DD258F1C8420E400A3AAE2 /* Resources */ = {
			isa = PBXResourcesBuildPhase;
			buildActionMask = 2147483647;
			files = (
				50DD259C1C8420E400A3AAE2 /* Main.storyboard in Resources */,
				50DD25A11C8420E400A3AAE2 /* LaunchScreen.xib in Resources */,
				50DD259E1C8420E400A3AAE2 /* Images.xcassets in Resources */,
			);
			runOnlyForDeploymentPostprocessing = 0;
		};
		50DD25A41C8420E500A3AAE2 /* Resources */ = {
			isa = PBXResourcesBuildPhase;
			buildActionMask = 2147483647;
			files = (
			);
			runOnlyForDeploymentPostprocessing = 0;
		};
/* End PBXResourcesBuildPhase section */

/* Begin PBXSourcesBuildPhase section */
		50DD258D1C8420E400A3AAE2 /* Sources */ = {
			isa = PBXSourcesBuildPhase;
			buildActionMask = 2147483647;
			files = (
				50DD25BB1C8428CF00A3AAE2 /* FlickrAPI.swift in Sources */,
				50DD25B91C8423DC00A3AAE2 /* PhotosViewController.swift in Sources */,
				50DD25BD1C842F2B00A3AAE2 /* PhotoStore.swift in Sources */,
				50DD25971C8420E400A3AAE2 /* AppDelegate.swift in Sources */,
				50DD25BF1C84330900A3AAE2 /* Photo.swift in Sources */,
			);
			runOnlyForDeploymentPostprocessing = 0;
		};
		50DD25A21C8420E500A3AAE2 /* Sources */ = {
			isa = PBXSourcesBuildPhase;
			buildActionMask = 2147483647;
			files = (
				50DD25AD1C8420E500A3AAE2 /* PhotoramaTests.swift in Sources */,
			);
			runOnlyForDeploymentPostprocessing = 0;
		};
/* End PBXSourcesBuildPhase section */

/* Begin PBXTargetDependency section */
		50DD25A81C8420E500A3AAE2 /* PBXTargetDependency */ = {
			isa = PBXTargetDependency;
			target = 50DD25901C8420E400A3AAE2 /* Photorama */;
			targetProxy = 50DD25A71C8420E500A3AAE2 /* PBXContainerItemProxy */;
		};
/* End PBXTargetDependency section */

/* Begin PBXVariantGroup section */
		50DD259A1C8420E400A3AAE2 /* Main.storyboard */ = {
			isa = PBXVariantGroup;
			children = (
				50DD259B1C8420E400A3AAE2 /* Base */,
			);
			name = Main.storyboard;
			sourceTree = "<group>";
		};
		50DD259F1C8420E400A3AAE2 /* LaunchScreen.xib */ = {
			isa = PBXVariantGroup;
			children = (
				50DD25A01C8420E400A3AAE2 /* Base */,
			);
			name = LaunchScreen.xib;
			sourceTree = "<group>";
		};
/* End PBXVariantGroup section */

/* Begin XCBuildConfiguration section */
		50DD25AE1C8420E500A3AAE2 /* Debug */ = {
			isa = XCBuildConfiguration;
			buildSettings = {
				ALWAYS_SEARCH_USER_PATHS = NO;
				CLANG_CXX_LANGUAGE_STANDARD = "gnu++0x";
				CLANG_CXX_LIBRARY = "libc++";
				CLANG_ENABLE_MODULES = YES;
				CLANG_ENABLE_OBJC_ARC = YES;
				CLANG_WARN_BOOL_CONVERSION = YES;
				CLANG_WARN_CONSTANT_CONVERSION = YES;
				CLANG_WARN_DIRECT_OBJC_ISA_USAGE = YES_ERROR;
				CLANG_WARN_EMPTY_BODY = YES;
				CLANG_WARN_ENUM_CONVERSION = YES;
				CLANG_WARN_INT_CONVERSION = YES;
				CLANG_WARN_OBJC_ROOT_CLASS = YES_ERROR;
				CLANG_WARN_UNREACHABLE_CODE = YES;
				CLANG_WARN__DUPLICATE_METHOD_MATCH = YES;
				"CODE_SIGN_IDENTITY[sdk=iphoneos*]" = "iPhone Developer";
				COPY_PHASE_STRIP = NO;
				ENABLE_STRICT_OBJC_MSGSEND = YES;
				GCC_C_LANGUAGE_STANDARD = gnu99;
				GCC_DYNAMIC_NO_PIC = NO;
				GCC_OPTIMIZATION_LEVEL = 0;
				GCC_PREPROCESSOR_DEFINITIONS = (
					"DEBUG=1",
					"$(inherited)",
				);
				GCC_SYMBOLS_PRIVATE_EXTERN = NO;
				GCC_WARN_64_TO_32_BIT_CONVERSION = YES;
				GCC_WARN_ABOUT_RETURN_TYPE = YES_ERROR;
				GCC_WARN_UNDECLARED_SELECTOR = YES;
				GCC_WARN_UNINITIALIZED_AUTOS = YES_AGGRESSIVE;
				GCC_WARN_UNUSED_FUNCTION = YES;
				GCC_WARN_UNUSED_VARIABLE = YES;
				IPHONEOS_DEPLOYMENT_TARGET = 8.1;
				MTL_ENABLE_DEBUG_INFO = YES;
				ONLY_ACTIVE_ARCH = YES;
				SDKROOT = iphoneos;
				SWIFT_OPTIMIZATION_LEVEL = "-Onone";
			};
			name = Debug;
		};
		50DD25AF1C8420E500A3AAE2 /* Release */ = {
			isa = XCBuildConfiguration;
			buildSettings = {
				ALWAYS_SEARCH_USER_PATHS = NO;
				CLANG_CXX_LANGUAGE_STANDARD = "gnu++0x";
				CLANG_CXX_LIBRARY = "libc++";
				CLANG_ENABLE_MODULES = YES;
				CLANG_ENABLE_OBJC_ARC = YES;
				CLANG_WARN_BOOL_CONVERSION = YES;
				CLANG_WARN_CONSTANT_CONVERSION = YES;
				CLANG_WARN_DIRECT_OBJC_ISA_USAGE = YES_ERROR;
				CLANG_WARN_EMPTY_BODY = YES;
				CLANG_WARN_ENUM_CONVERSION = YES;
				CLANG_WARN_INT_CONVERSION = YES;
				CLANG_WARN_OBJC_ROOT_CLASS = YES_ERROR;
				CLANG_WARN_UNREACHABLE_CODE = YES;
				CLANG_WARN__DUPLICATE_METHOD_MATCH = YES;
				"CODE_SIGN_IDENTITY[sdk=iphoneos*]" = "iPhone Developer";
				COPY_PHASE_STRIP = YES;
				ENABLE_NS_ASSERTIONS = NO;
				ENABLE_STRICT_OBJC_MSGSEND = YES;
				GCC_C_LANGUAGE_STANDARD = gnu99;
				GCC_WARN_64_TO_32_BIT_CONVERSION = YES;
				GCC_WARN_ABOUT_RETURN_TYPE = YES_ERROR;
				GCC_WARN_UNDECLARED_SELECTOR = YES;
				GCC_WARN_UNINITIALIZED_AUTOS = YES_AGGRESSIVE;
				GCC_WARN_UNUSED_FUNCTION = YES;
				GCC_WARN_UNUSED_VARIABLE = YES;
				IPHONEOS_DEPLOYMENT_TARGET = 8.1;
				MTL_ENABLE_DEBUG_INFO = NO;
				SDKROOT = iphoneos;
				VALIDATE_PRODUCT = YES;
			};
			name = Release;
		};
		50DD25B11C8420E500A3AAE2 /* Debug */ = {
			isa = XCBuildConfiguration;
			buildSettings = {
				ASSETCATALOG_COMPILER_APPICON_NAME = AppIcon;
				INFOPLIST_FILE = Photorama/Info.plist;
				LD_RUNPATH_SEARCH_PATHS = "$(inherited) @executable_path/Frameworks";
				PRODUCT_NAME = "$(TARGET_NAME)";
				TARGETED_DEVICE_FAMILY = "1,2";
			};
			name = Debug;
		};
		50DD25B21C8420E500A3AAE2 /* Release */ = {
			isa = XCBuildConfiguration;
			buildSettings = {
				ASSETCATALOG_COMPILER_APPICON_NAME = AppIcon;
				INFOPLIST_FILE = Photorama/Info.plist;
				LD_RUNPATH_SEARCH_PATHS = "$(inherited) @executable_path/Frameworks";
				PRODUCT_NAME = "$(TARGET_NAME)";
				TARGETED_DEVICE_FAMILY = "1,2";
			};
			name = Release;
		};
		50DD25B41C8420E500A3AAE2 /* Debug */ = {
			isa = XCBuildConfiguration;
			buildSettings = {
				BUNDLE_LOADER = "$(TEST_HOST)";
				FRAMEWORK_SEARCH_PATHS = (
					"$(SDKROOT)/Developer/Library/Frameworks",
					"$(inherited)",
				);
				GCC_PREPROCESSOR_DEFINITIONS = (
					"DEBUG=1",
					"$(inherited)",
				);
				INFOPLIST_FILE = PhotoramaTests/Info.plist;
				LD_RUNPATH_SEARCH_PATHS = "$(inherited) @executable_path/Frameworks @loader_path/Frameworks";
				PRODUCT_NAME = "$(TARGET_NAME)";
				TEST_HOST = "$(BUILT_PRODUCTS_DIR)/Photorama.app/Photorama";
			};
			name = Debug;
		};
		50DD25B51C8420E500A3AAE2 /* Release */ = {
			isa = XCBuildConfiguration;
			buildSettings = {
				BUNDLE_LOADER = "$(TEST_HOST)";
				FRAMEWORK_SEARCH_PATHS = (
					"$(SDKROOT)/Developer/Library/Frameworks",
					"$(inherited)",
				);
				INFOPLIST_FILE = PhotoramaTests/Info.plist;
				LD_RUNPATH_SEARCH_PATHS = "$(inherited) @executable_path/Frameworks @loader_path/Frameworks";
				PRODUCT_NAME = "$(TARGET_NAME)";
				TEST_HOST = "$(BUILT_PRODUCTS_DIR)/Photorama.app/Photorama";
			};
			name = Release;
		};
/* End XCBuildConfiguration section */

/* Begin XCConfigurationList section */
		50DD258C1C8420E400A3AAE2 /* Build configuration list for PBXProject "Photorama" */ = {
			isa = XCConfigurationList;
			buildConfigurations = (
				50DD25AE1C8420E500A3AAE2 /* Debug */,
				50DD25AF1C8420E500A3AAE2 /* Release */,
			);
			defaultConfigurationIsVisible = 0;
			defaultConfigurationName = Release;
		};
		50DD25B01C8420E500A3AAE2 /* Build configuration list for PBXNativeTarget "Photorama" */ = {
			isa = XCConfigurationList;
			buildConfigurations = (
				50DD25B11C8420E500A3AAE2 /* Debug */,
				50DD25B21C8420E500A3AAE2 /* Release */,
			);
			defaultConfigurationIsVisible = 0;
			defaultConfigurationName = Release;
		};
		50DD25B31C8420E500A3AAE2 /* Build configuration list for PBXNativeTarget "PhotoramaTests" */ = {
			isa = XCConfigurationList;
			buildConfigurations = (
				50DD25B41C8420E500A3AAE2 /* Debug */,
				50DD25B51C8420E500A3AAE2 /* Release */,
			);
			defaultConfigurationIsVisible = 0;
			defaultConfigurationName = Release;
		};
/* End XCConfigurationList section */
	};
	rootObject = 50DD25891C8420E400A3AAE2 /* Project object */;
}
